// !$*UTF8*$!
{
	archiveVersion = 1;
	classes = {
	};
	objectVersion = 46;
	objects = {

/* Begin PBXBuildFile section */
		DDF371BE1E125C510031B4EA /* main.m in Sources */ = {isa = PBXBuildFile; fileRef = DDF371BD1E125C510031B4EA /* main.m */; };
		DDF371C11E125C510031B4EA /* AppDelegate.m in Sources */ = {isa = PBXBuildFile; fileRef = DDF371C01E125C510031B4EA /* AppDelegate.m */; };
		DDF371C41E125C510031B4EA /* ViewController.m in Sources */ = {isa = PBXBuildFile; fileRef = DDF371C31E125C510031B4EA /* ViewController.m */; };
		DDF371C71E125C510031B4EA /* Main.storyboard in Resources */ = {isa = PBXBuildFile; fileRef = DDF371C51E125C510031B4EA /* Main.storyboard */; };
		DDF371C91E125C520031B4EA /* Assets.xcassets in Resources */ = {isa = PBXBuildFile; fileRef = DDF371C81E125C520031B4EA /* Assets.xcassets */; };
		DDF371CC1E125C520031B4EA /* LaunchScreen.storyboard in Resources */ = {isa = PBXBuildFile; fileRef = DDF371CA1E125C520031B4EA /* LaunchScreen.storyboard */; };
		DDF371D51E1268250031B4EA /* Connection.m in Sources */ = {isa = PBXBuildFile; fileRef = DDF371D41E1268250031B4EA /* Connection.m */; };
		DDF371D81E126EBC0031B4EA /* ResponseOrginizer.m in Sources */ = {isa = PBXBuildFile; fileRef = DDF371D71E126EBC0031B4EA /* ResponseOrginizer.m */; };
		DDF371DB1E126EFE0031B4EA /* AFHTTPSessionManager+Headers.m in Sources */ = {isa = PBXBuildFile; fileRef = DDF371DA1E126EFE0031B4EA /* AFHTTPSessionManager+Headers.m */; };
		F9734C6B20D82FFD38070478 /* Pods_TestsMemoryLeak.framework in Frameworks */ = {isa = PBXBuildFile; fileRef = B3A3F4FED5EFB381944ED6D6 /* Pods_TestsMemoryLeak.framework */; };
/* End PBXBuildFile section */

/* Begin PBXFileReference section */
		3CD95A62F8840CAAB3B340DF /* Pods-TestsMemoryLeak.release.xcconfig */ = {isa = PBXFileReference; includeInIndex = 1; lastKnownFileType = text.xcconfig; name = "Pods-TestsMemoryLeak.release.xcconfig"; path = "Pods/Target Support Files/Pods-TestsMemoryLeak/Pods-TestsMemoryLeak.release.xcconfig"; sourceTree = "<group>"; };
		3F564B9B9C936AB82E1B9630 /* Pods-TestsMemoryLeak.debug.xcconfig */ = {isa = PBXFileReference; includeInIndex = 1; lastKnownFileType = text.xcconfig; name = "Pods-TestsMemoryLeak.debug.xcconfig"; path = "Pods/Target Support Files/Pods-TestsMemoryLeak/Pods-TestsMemoryLeak.debug.xcconfig"; sourceTree = "<group>"; };
		B3A3F4FED5EFB381944ED6D6 /* Pods_TestsMemoryLeak.framework */ = {isa = PBXFileReference; explicitFileType = wrapper.framework; includeInIndex = 0; path = Pods_TestsMemoryLeak.framework; sourceTree = BUILT_PRODUCTS_DIR; };
		DDF371B91E125C510031B4EA /* TestsMemoryLeak.app */ = {isa = PBXFileReference; explicitFileType = wrapper.application; includeInIndex = 0; path = TestsMemoryLeak.app; sourceTree = BUILT_PRODUCTS_DIR; };
		DDF371BD1E125C510031B4EA /* main.m */ = {isa = PBXFileReference; lastKnownFileType = sourcecode.c.objc; path = main.m; sourceTree = "<group>"; };
		DDF371BF1E125C510031B4EA /* AppDelegate.h */ = {isa = PBXFileReference; lastKnownFileType = sourcecode.c.h; path = AppDelegate.h; sourceTree = "<group>"; };
		DDF371C01E125C510031B4EA /* AppDelegate.m */ = {isa = PBXFileReference; lastKnownFileType = sourcecode.c.objc; path = AppDelegate.m; sourceTree = "<group>"; };
		DDF371C21E125C510031B4EA /* ViewController.h */ = {isa = PBXFileReference; lastKnownFileType = sourcecode.c.h; path = ViewController.h; sourceTree = "<group>"; };
		DDF371C31E125C510031B4EA /* ViewController.m */ = {isa = PBXFileReference; lastKnownFileType = sourcecode.c.objc; path = ViewController.m; sourceTree = "<group>"; };
		DDF371C61E125C510031B4EA /* Base */ = {isa = PBXFileReference; lastKnownFileType = file.storyboard; name = Base; path = Base.lproj/Main.storyboard; sourceTree = "<group>"; };
		DDF371C81E125C520031B4EA /* Assets.xcassets */ = {isa = PBXFileReference; lastKnownFileType = folder.assetcatalog; path = Assets.xcassets; sourceTree = "<group>"; };
		DDF371CB1E125C520031B4EA /* Base */ = {isa = PBXFileReference; lastKnownFileType = file.storyboard; name = Base; path = Base.lproj/LaunchScreen.storyboard; sourceTree = "<group>"; };
		DDF371CD1E125C520031B4EA /* Info.plist */ = {isa = PBXFileReference; lastKnownFileType = text.plist.xml; path = Info.plist; sourceTree = "<group>"; };
		DDF371D31E1268250031B4EA /* Connection.h */ = {isa = PBXFileReference; fileEncoding = 4; lastKnownFileType = sourcecode.c.h; path = Connection.h; sourceTree = "<group>"; };
		DDF371D41E1268250031B4EA /* Connection.m */ = {isa = PBXFileReference; fileEncoding = 4; lastKnownFileType = sourcecode.c.objc; path = Connection.m; sourceTree = "<group>"; };
		DDF371D61E126EBC0031B4EA /* ResponseOrginizer.h */ = {isa = PBXFileReference; fileEncoding = 4; lastKnownFileType = sourcecode.c.h; path = ResponseOrginizer.h; sourceTree = "<group>"; };
		DDF371D71E126EBC0031B4EA /* ResponseOrginizer.m */ = {isa = PBXFileReference; fileEncoding = 4; lastKnownFileType = sourcecode.c.objc; path = ResponseOrginizer.m; sourceTree = "<group>"; };
		DDF371D91E126EFE0031B4EA /* AFHTTPSessionManager+Headers.h */ = {isa = PBXFileReference; fileEncoding = 4; lastKnownFileType = sourcecode.c.h; path = "AFHTTPSessionManager+Headers.h"; sourceTree = "<group>"; };
		DDF371DA1E126EFE0031B4EA /* AFHTTPSessionManager+Headers.m */ = {isa = PBXFileReference; fileEncoding = 4; lastKnownFileType = sourcecode.c.objc; path = "AFHTTPSessionManager+Headers.m"; sourceTree = "<group>"; };
/* End PBXFileReference section */

/* Begin PBXFrameworksBuildPhase section */
		DDF371B61E125C510031B4EA /* Frameworks */ = {
			isa = PBXFrameworksBuildPhase;
			buildActionMask = 2147483647;
			files = (
				F9734C6B20D82FFD38070478 /* Pods_TestsMemoryLeak.framework in Frameworks */,
			);
			runOnlyForDeploymentPostprocessing = 0;
		};
/* End PBXFrameworksBuildPhase section */

/* Begin PBXGroup section */
		32338A8E57C1E18A70C6493C /* Pods */ = {
			isa = PBXGroup;
			children = (
				3F564B9B9C936AB82E1B9630 /* Pods-TestsMemoryLeak.debug.xcconfig */,
				3CD95A62F8840CAAB3B340DF /* Pods-TestsMemoryLeak.release.xcconfig */,
			);
			name = Pods;
			sourceTree = "<group>";
		};
		6FF2C030A98EBD4EF35D2A38 /* Frameworks */ = {
			isa = PBXGroup;
			children = (
				B3A3F4FED5EFB381944ED6D6 /* Pods_TestsMemoryLeak.framework */,
			);
			name = Frameworks;
			sourceTree = "<group>";
		};
		DDF371B01E125C510031B4EA = {
			isa = PBXGroup;
			children = (
				DDF371BB1E125C510031B4EA /* TestsMemoryLeak */,
				DDF371BA1E125C510031B4EA /* Products */,
				32338A8E57C1E18A70C6493C /* Pods */,
				6FF2C030A98EBD4EF35D2A38 /* Frameworks */,
			);
			sourceTree = "<group>";
		};
		DDF371BA1E125C510031B4EA /* Products */ = {
			isa = PBXGroup;
			children = (
				DDF371B91E125C510031B4EA /* TestsMemoryLeak.app */,
			);
			name = Products;
			sourceTree = "<group>";
		};
		DDF371BB1E125C510031B4EA /* TestsMemoryLeak */ = {
			isa = PBXGroup;
			children = (
				DDF371D61E126EBC0031B4EA /* ResponseOrginizer.h */,
				DDF371D71E126EBC0031B4EA /* ResponseOrginizer.m */,
				DDF371D91E126EFE0031B4EA /* AFHTTPSessionManager+Headers.h */,
				DDF371DA1E126EFE0031B4EA /* AFHTTPSessionManager+Headers.m */,
				DDF371BF1E125C510031B4EA /* AppDelegate.h */,
				DDF371C01E125C510031B4EA /* AppDelegate.m */,
				DDF371C21E125C510031B4EA /* ViewController.h */,
				DDF371C31E125C510031B4EA /* ViewController.m */,
				DDF371D31E1268250031B4EA /* Connection.h */,
				DDF371D41E1268250031B4EA /* Connection.m */,
				DDF371C51E125C510031B4EA /* Main.storyboard */,
				DDF371C81E125C520031B4EA /* Assets.xcassets */,
				DDF371CA1E125C520031B4EA /* LaunchScreen.storyboard */,
				DDF371CD1E125C520031B4EA /* Info.plist */,
				DDF371BC1E125C510031B4EA /* Supporting Files */,
			);
			path = TestsMemoryLeak;
			sourceTree = "<group>";
		};
		DDF371BC1E125C510031B4EA /* Supporting Files */ = {
			isa = PBXGroup;
			children = (
				DDF371BD1E125C510031B4EA /* main.m */,
			);
			name = "Supporting Files";
			sourceTree = "<group>";
		};
/* End PBXGroup section */

/* Begin PBXNativeTarget section */
		DDF371B81E125C510031B4EA /* TestsMemoryLeak */ = {
			isa = PBXNativeTarget;
			buildConfigurationList = DDF371D01E125C520031B4EA /* Build configuration list for PBXNativeTarget "TestsMemoryLeak" */;
			buildPhases = (
				567B70C1080F649724DD33FC /* [CP] Check Pods Manifest.lock */,
				DDF371B51E125C510031B4EA /* Sources */,
				DDF371B61E125C510031B4EA /* Frameworks */,
				DDF371B71E125C510031B4EA /* Resources */,
				A3D77B050CF8D5ADC5E18606 /* [CP] Embed Pods Frameworks */,
				A883E602744CBEC66119135B /* [CP] Copy Pods Resources */,
			);
			buildRules = (
			);
			dependencies = (
			);
			name = TestsMemoryLeak;
			productName = TestsMemoryLeak;
			productReference = DDF371B91E125C510031B4EA /* TestsMemoryLeak.app */;
			productType = "com.apple.product-type.application";
		};
/* End PBXNativeTarget section */

/* Begin PBXProject section */
		DDF371B11E125C510031B4EA /* Project object */ = {
			isa = PBXProject;
			attributes = {
				LastUpgradeCheck = 0820;
				ORGANIZATIONNAME = "wingu AG";
				TargetAttributes = {
					DDF371B81E125C510031B4EA = {
						CreatedOnToolsVersion = 8.2.1;
						DevelopmentTeam = 9232HDTN9M;
						ProvisioningStyle = Automatic;
					};
				};
			};
			buildConfigurationList = DDF371B41E125C510031B4EA /* Build configuration list for PBXProject "TestsMemoryLeak" */;
			compatibilityVersion = "Xcode 3.2";
			developmentRegion = English;
			hasScannedForEncodings = 0;
			knownRegions = (
				en,
				Base,
			);
			mainGroup = DDF371B01E125C510031B4EA;
			productRefGroup = DDF371BA1E125C510031B4EA /* Products */;
			projectDirPath = "";
			projectRoot = "";
			targets = (
				DDF371B81E125C510031B4EA /* TestsMemoryLeak */,
			);
		};
/* End PBXProject section */

/* Begin PBXResourcesBuildPhase section */
		DDF371B71E125C510031B4EA /* Resources */ = {
			isa = PBXResourcesBuildPhase;
			buildActionMask = 2147483647;
			files = (
				DDF371CC1E125C520031B4EA /* LaunchScreen.storyboard in Resources */,
				DDF371C91E125C520031B4EA /* Assets.xcassets in Resources */,
				DDF371C71E125C510031B4EA /* Main.storyboard in Resources */,
			);
			runOnlyForDeploymentPostprocessing = 0;
		};
/* End PBXResourcesBuildPhase section */

/* Begin PBXShellScriptBuildPhase section */
		567B70C1080F649724DD33FC /* [CP] Check Pods Manifest.lock */ = {
			isa = PBXShellScriptBuildPhase;
			buildActionMask = 2147483647;
			files = (
			);
			inputPaths = (
			);
			name = "[CP] Check Pods Manifest.lock";
			outputPaths = (
			);
			runOnlyForDeploymentPostprocessing = 0;
			shellPath = /bin/sh;
			shellScript = "diff \"${PODS_ROOT}/../Podfile.lock\" \"${PODS_ROOT}/Manifest.lock\" > /dev/null\nif [ $? != 0 ] ; then\n    # print error to STDERR\n    echo \"error: The sandbox is not in sync with the Podfile.lock. Run 'pod install' or update your CocoaPods installation.\" >&2\n    exit 1\nfi\n";
			showEnvVarsInLog = 0;
		};
		A3D77B050CF8D5ADC5E18606 /* [CP] Embed Pods Frameworks */ = {
			isa = PBXShellScriptBuildPhase;
			buildActionMask = 2147483647;
			files = (
			);
			inputPaths = (
			);
			name = "[CP] Embed Pods Frameworks";
			outputPaths = (
			);
			runOnlyForDeploymentPostprocessing = 0;
			shellPath = /bin/sh;
			shellScript = "\"${SRCROOT}/Pods/Target Support Files/Pods-TestsMemoryLeak/Pods-TestsMemoryLeak-frameworks.sh\"\n";
			showEnvVarsInLog = 0;
		};
		A883E602744CBEC66119135B /* [CP] Copy Pods Resources */ = {
			isa = PBXShellScriptBuildPhase;
			buildActionMask = 2147483647;
			files = (
			);
			inputPaths = (
			);
			name = "[CP] Copy Pods Resources";
			outputPaths = (
			);
			runOnlyForDeploymentPostprocessing = 0;
			shellPath = /bin/sh;
			shellScript = "\"${SRCROOT}/Pods/Target Support Files/Pods-TestsMemoryLeak/Pods-TestsMemoryLeak-resources.sh\"\n";
			showEnvVarsInLog = 0;
		};
/* End PBXShellScriptBuildPhase section */

/* Begin PBXSourcesBuildPhase section */
		DDF371B51E125C510031B4EA /* Sources */ = {
			isa = PBXSourcesBuildPhase;
			buildActionMask = 2147483647;
			files = (
				DDF371C41E125C510031B4EA /* ViewController.m in Sources */,
				DDF371C11E125C510031B4EA /* AppDelegate.m in Sources */,
				DDF371D81E126EBC0031B4EA /* ResponseOrginizer.m in Sources */,
				DDF371BE1E125C510031B4EA /* main.m in Sources */,
				DDF371DB1E126EFE0031B4EA /* AFHTTPSessionManager+Headers.m in Sources */,
				DDF371D51E1268250031B4EA /* Connection.m in Sources */,
			);
			runOnlyForDeploymentPostprocessing = 0;
		};
/* End PBXSourcesBuildPhase section */

/* Begin PBXVariantGroup section */
		DDF371C51E125C510031B4EA /* Main.storyboard */ = {
			isa = PBXVariantGroup;
			children = (
				DDF371C61E125C510031B4EA /* Base */,
			);
			name = Main.storyboard;
			sourceTree = "<group>";
		};
		DDF371CA1E125C520031B4EA /* LaunchScreen.storyboard */ = {
			isa = PBXVariantGroup;
			children = (
				DDF371CB1E125C520031B4EA /* Base */,
			);
			name = LaunchScreen.storyboard;
			sourceTree = "<group>";
		};
/* End PBXVariantGroup section */

/* Begin XCBuildConfiguration section */
		DDF371CE1E125C520031B4EA /* Debug */ = {
			isa = XCBuildConfiguration;
			buildSettings = {
				ALWAYS_SEARCH_USER_PATHS = NO;
				CLANG_ANALYZER_NONNULL = YES;
				CLANG_CXX_LANGUAGE_STANDARD = "gnu++0x";
				CLANG_CXX_LIBRARY = "libc++";
				CLANG_ENABLE_MODULES = YES;
				CLANG_ENABLE_OBJC_ARC = YES;
				CLANG_WARN_BOOL_CONVERSION = YES;
				CLANG_WARN_CONSTANT_CONVERSION = YES;
				CLANG_WARN_DIRECT_OBJC_ISA_USAGE = YES_ERROR;
				CLANG_WARN_DOCUMENTATION_COMMENTS = YES;
				CLANG_WARN_EMPTY_BODY = YES;
				CLANG_WARN_ENUM_CONVERSION = YES;
				CLANG_WARN_INFINITE_RECURSION = YES;
				CLANG_WARN_INT_CONVERSION = YES;
				CLANG_WARN_OBJC_ROOT_CLASS = YES_ERROR;
				CLANG_WARN_SUSPICIOUS_MOVE = YES;
				CLANG_WARN_UNREACHABLE_CODE = YES;
				CLANG_WARN__DUPLICATE_METHOD_MATCH = YES;
				"CODE_SIGN_IDENTITY[sdk=iphoneos*]" = "iPhone Developer";
				COPY_PHASE_STRIP = NO;
				DEBUG_INFORMATION_FORMAT = dwarf;
				ENABLE_STRICT_OBJC_MSGSEND = YES;
				ENABLE_TESTABILITY = YES;
				GCC_C_LANGUAGE_STANDARD = gnu99;
				GCC_DYNAMIC_NO_PIC = NO;
				GCC_NO_COMMON_BLOCKS = YES;
				GCC_OPTIMIZATION_LEVEL = 0;
				GCC_PREPROCESSOR_DEFINITIONS = (
					"DEBUG=1",
					"$(inherited)",
				);
				GCC_WARN_64_TO_32_BIT_CONVERSION = YES;
				GCC_WARN_ABOUT_RETURN_TYPE = YES_ERROR;
				GCC_WARN_UNDECLARED_SELECTOR = YES;
				GCC_WARN_UNINITIALIZED_AUTOS = YES_AGGRESSIVE;
				GCC_WARN_UNUSED_FUNCTION = YES;
				GCC_WARN_UNUSED_VARIABLE = YES;
				IPHONEOS_DEPLOYMENT_TARGET = 10.2;
				MTL_ENABLE_DEBUG_INFO = YES;
				ONLY_ACTIVE_ARCH = YES;
				SDKROOT = iphoneos;
				TARGETED_DEVICE_FAMILY = "1,2";
			};
			name = Debug;
		};
		DDF371CF1E125C520031B4EA /* Release */ = {
			isa = XCBuildConfiguration;
			buildSettings = {
				ALWAYS_SEARCH_USER_PATHS = NO;
				CLANG_ANALYZER_NONNULL = YES;
				CLANG_CXX_LANGUAGE_STANDARD = "gnu++0x";
				CLANG_CXX_LIBRARY = "libc++";
				CLANG_ENABLE_MODULES = YES;
				CLANG_ENABLE_OBJC_ARC = YES;
				CLANG_WARN_BOOL_CONVERSION = YES;
				CLANG_WARN_CONSTANT_CONVERSION = YES;
				CLANG_WARN_DIRECT_OBJC_ISA_USAGE = YES_ERROR;
				CLANG_WARN_DOCUMENTATION_COMMENTS = YES;
				CLANG_WARN_EMPTY_BODY = YES;
				CLANG_WARN_ENUM_CONVERSION = YES;
				CLANG_WARN_INFINITE_RECURSION = YES;
				CLANG_WARN_INT_CONVERSION = YES;
				CLANG_WARN_OBJC_ROOT_CLASS = YES_ERROR;
				CLANG_WARN_SUSPICIOUS_MOVE = YES;
				CLANG_WARN_UNREACHABLE_CODE = YES;
				CLANG_WARN__DUPLICATE_METHOD_MATCH = YES;
				"CODE_SIGN_IDENTITY[sdk=iphoneos*]" = "iPhone Developer";
				COPY_PHASE_STRIP = NO;
				DEBUG_INFORMATION_FORMAT = "dwarf-with-dsym";
				ENABLE_NS_ASSERTIONS = NO;
				ENABLE_STRICT_OBJC_MSGSEND = YES;
				GCC_C_LANGUAGE_STANDARD = gnu99;
				GCC_NO_COMMON_BLOCKS = YES;
				GCC_WARN_64_TO_32_BIT_CONVERSION = YES;
				GCC_WARN_ABOUT_RETURN_TYPE = YES_ERROR;
				GCC_WARN_UNDECLARED_SELECTOR = YES;
				GCC_WARN_UNINITIALIZED_AUTOS = YES_AGGRESSIVE;
				GCC_WARN_UNUSED_FUNCTION = YES;
				GCC_WARN_UNUSED_VARIABLE = YES;
				IPHONEOS_DEPLOYMENT_TARGET = 10.2;
				MTL_ENABLE_DEBUG_INFO = NO;
				SDKROOT = iphoneos;
				TARGETED_DEVICE_FAMILY = "1,2";
				VALIDATE_PRODUCT = YES;
			};
			name = Release;
		};
		DDF371D11E125C520031B4EA /* Debug */ = {
			isa = XCBuildConfiguration;
			baseConfigurationReference = 3F564B9B9C936AB82E1B9630 /* Pods-TestsMemoryLeak.debug.xcconfig */;
			buildSettings = {
				ASSETCATALOG_COMPILER_APPICON_NAME = AppIcon;
				DEVELOPMENT_TEAM = 9232HDTN9M;
				INFOPLIST_FILE = TestsMemoryLeak/Info.plist;
				LD_RUNPATH_SEARCH_PATHS = "$(inherited) @executable_path/Frameworks";
				PRODUCT_BUNDLE_IDENTIFIER = de.wingu.TestsMemoryLeak;
				PRODUCT_NAME = "$(TARGET_NAME)";
			};
			name = Debug;
		};
		DDF371D21E125C520031B4EA /* Release */ = {
			isa = XCBuildConfiguration;
			baseConfigurationReference = 3CD95A62F8840CAAB3B340DF /* Pods-TestsMemoryLeak.release.xcconfig */;
			buildSettings = {
				ASSETCATALOG_COMPILER_APPICON_NAME = AppIcon;
				DEVELOPMENT_TEAM = 9232HDTN9M;
				INFOPLIST_FILE = TestsMemoryLeak/Info.plist;
				LD_RUNPATH_SEARCH_PATHS = "$(inherited) @executable_path/Frameworks";
				PRODUCT_BUNDLE_IDENTIFIER = de.wingu.TestsMemoryLeak;
				PRODUCT_NAME = "$(TARGET_NAME)";
			};
			name = Release;
		};
/* End XCBuildConfiguration section */

/* Begin XCConfigurationList section */
		DDF371B41E125C510031B4EA /* Build configuration list for PBXProject "TestsMemoryLeak" */ = {
			isa = XCConfigurationList;
			buildConfigurations = (
				DDF371CE1E125C520031B4EA /* Debug */,
				DDF371CF1E125C520031B4EA /* Release */,
			);
			defaultConfigurationIsVisible = 0;
			defaultConfigurationName = Release;
		};
		DDF371D01E125C520031B4EA /* Build configuration list for PBXNativeTarget "TestsMemoryLeak" */ = {
			isa = XCConfigurationList;
			buildConfigurations = (
				DDF371D11E125C520031B4EA /* Debug */,
				DDF371D21E125C520031B4EA /* Release */,
			);
			defaultConfigurationIsVisible = 0;
			defaultConfigurationName = Release;
		};
/* End XCConfigurationList section */
	};
	rootObject = DDF371B11E125C510031B4EA /* Project object */;
}
